
Microsoft Visual Studio Solution File, Format Version 12.00
# Visual Studio Version 17
VisualStudioVersion = 17.1.32414.318
MinimumVisualStudioVersion = 10.0.40219.1
Project("{FAE04EC0-301F-11D3-BF4B-00C04F79EFBC}") = "Composite design pattern", "Composite design pattern\Composite design pattern.csproj", "{D9DAFA74-6A48-4FB4-958C-686D77F1C6A1}"
EndProject
Global
	GlobalSection(SolutionConfigurationPlatforms) = preSolution
		Debug|Any CPU = Debug|Any CPU
		Release|Any CPU = Release|Any CPU
	EndGlobalSection
	GlobalSection(ProjectConfigurationPlatforms) = postSolution
		{D9DAFA74-6A48-4FB4-958C-686D77F1C6A1}.Debug|Any CPU.ActiveCfg = Debug|Any CPU
		{D9DAFA74-6A48-4FB4-958C-686D77F1C6A1}.Debug|Any CPU.Build.0 = Debug|Any CPU
		{D9DAFA74-6A48-4FB4-958C-686D77F1C6A1}.Release|Any CPU.ActiveCfg = Release|Any CPU
		{D9DAFA74-6A48-4FB4-958C-686D77F1C6A1}.Release|Any CPU.Build.0 = Release|Any CPU
	EndGlobalSection
	GlobalSection(SolutionProperties) = preSolution
		HideSolutionNode = FALSE
	EndGlobalSection
	GlobalSection(ExtensibilityGlobals) = postSolution
		SolutionGuid = {69FE1B4A-9922-4AE4-B7E7-6D6EEFB026FC}
	EndGlobalSection
EndGlobal
