
Microsoft Visual Studio Solution File, Format Version 12.00
# Visual Studio Version 17
VisualStudioVersion = 17.1.32414.318
MinimumVisualStudioVersion = 10.0.40219.1
Project("{FAE04EC0-301F-11D3-BF4B-00C04F79EFBC}") = "Composite design pattern neural networks", "Composite design pattern neural networks\Composite design pattern neural networks.csproj", "{4A660DD6-0C9E-4D84-8E3A-8B3EA0A1CDA1}"
EndProject
Global
	GlobalSection(SolutionConfigurationPlatforms) = preSolution
		Debug|Any CPU = Debug|Any CPU
		Release|Any CPU = Release|Any CPU
	EndGlobalSection
	GlobalSection(ProjectConfigurationPlatforms) = postSolution
		{4A660DD6-0C9E-4D84-8E3A-8B3EA0A1CDA1}.Debug|Any CPU.ActiveCfg = Debug|Any CPU
		{4A660DD6-0C9E-4D84-8E3A-8B3EA0A1CDA1}.Debug|Any CPU.Build.0 = Debug|Any CPU
		{4A660DD6-0C9E-4D84-8E3A-8B3EA0A1CDA1}.Release|Any CPU.ActiveCfg = Release|Any CPU
		{4A660DD6-0C9E-4D84-8E3A-8B3EA0A1CDA1}.Release|Any CPU.Build.0 = Release|Any CPU
	EndGlobalSection
	GlobalSection(SolutionProperties) = preSolution
		HideSolutionNode = FALSE
	EndGlobalSection
	GlobalSection(ExtensibilityGlobals) = postSolution
		SolutionGuid = {52E162A4-3D70-4042-88D4-8C039AF2271E}
	EndGlobalSection
EndGlobal
