
Microsoft Visual Studio Solution File, Format Version 12.00
# Visual Studio Version 17
VisualStudioVersion = 17.1.32414.318
MinimumVisualStudioVersion = 10.0.40219.1
Project("{FAE04EC0-301F-11D3-BF4B-00C04F79EFBC}") = "Chain of responsibility design pattern", "Chain of responsibility design pattern\Chain of responsibility design pattern.csproj", "{8BC58FD0-5DC2-4CD2-A49C-BC6ADBA99173}"
EndProject
Global
	GlobalSection(SolutionConfigurationPlatforms) = preSolution
		Debug|Any CPU = Debug|Any CPU
		Release|Any CPU = Release|Any CPU
	EndGlobalSection
	GlobalSection(ProjectConfigurationPlatforms) = postSolution
		{8BC58FD0-5DC2-4CD2-A49C-BC6ADBA99173}.Debug|Any CPU.ActiveCfg = Debug|Any CPU
		{8BC58FD0-5DC2-4CD2-A49C-BC6ADBA99173}.Debug|Any CPU.Build.0 = Debug|Any CPU
		{8BC58FD0-5DC2-4CD2-A49C-BC6ADBA99173}.Release|Any CPU.ActiveCfg = Release|Any CPU
		{8BC58FD0-5DC2-4CD2-A49C-BC6ADBA99173}.Release|Any CPU.Build.0 = Release|Any CPU
	EndGlobalSection
	GlobalSection(SolutionProperties) = preSolution
		HideSolutionNode = FALSE
	EndGlobalSection
	GlobalSection(ExtensibilityGlobals) = postSolution
		SolutionGuid = {2FC59D31-B23A-4FA6-839D-EB748A7C803A}
	EndGlobalSection
EndGlobal
