
Microsoft Visual Studio Solution File, Format Version 12.00
# Visual Studio Version 17
VisualStudioVersion = 17.1.32414.318
MinimumVisualStudioVersion = 10.0.40219.1
Project("{FAE04EC0-301F-11D3-BF4B-00C04F79EFBC}") = "Interpreter design pattern", "Interpreter design pattern\Interpreter design pattern.csproj", "{39BDE0A4-CEF7-4ACD-BCB9-2CA85FE30FF2}"
EndProject
Global
	GlobalSection(SolutionConfigurationPlatforms) = preSolution
		Debug|Any CPU = Debug|Any CPU
		Release|Any CPU = Release|Any CPU
	EndGlobalSection
	GlobalSection(ProjectConfigurationPlatforms) = postSolution
		{39BDE0A4-CEF7-4ACD-BCB9-2CA85FE30FF2}.Debug|Any CPU.ActiveCfg = Debug|Any CPU
		{39BDE0A4-CEF7-4ACD-BCB9-2CA85FE30FF2}.Debug|Any CPU.Build.0 = Debug|Any CPU
		{39BDE0A4-CEF7-4ACD-BCB9-2CA85FE30FF2}.Release|Any CPU.ActiveCfg = Release|Any CPU
		{39BDE0A4-CEF7-4ACD-BCB9-2CA85FE30FF2}.Release|Any CPU.Build.0 = Release|Any CPU
	EndGlobalSection
	GlobalSection(SolutionProperties) = preSolution
		HideSolutionNode = FALSE
	EndGlobalSection
	GlobalSection(ExtensibilityGlobals) = postSolution
		SolutionGuid = {ADFE0621-E72C-4181-9098-BC976F65FF54}
	EndGlobalSection
EndGlobal
