
Microsoft Visual Studio Solution File, Format Version 12.00
# Visual Studio Version 17
VisualStudioVersion = 17.1.32414.318
MinimumVisualStudioVersion = 10.0.40219.1
Project("{FAE04EC0-301F-11D3-BF4B-00C04F79EFBC}") = "Prototype design pattern", "Prototype design pattern\Prototype design pattern.csproj", "{43E88F79-7FAE-4787-9AA9-319E421D3DEB}"
EndProject
Global
	GlobalSection(SolutionConfigurationPlatforms) = preSolution
		Debug|Any CPU = Debug|Any CPU
		Release|Any CPU = Release|Any CPU
	EndGlobalSection
	GlobalSection(ProjectConfigurationPlatforms) = postSolution
		{43E88F79-7FAE-4787-9AA9-319E421D3DEB}.Debug|Any CPU.ActiveCfg = Debug|Any CPU
		{43E88F79-7FAE-4787-9AA9-319E421D3DEB}.Debug|Any CPU.Build.0 = Debug|Any CPU
		{43E88F79-7FAE-4787-9AA9-319E421D3DEB}.Release|Any CPU.ActiveCfg = Release|Any CPU
		{43E88F79-7FAE-4787-9AA9-319E421D3DEB}.Release|Any CPU.Build.0 = Release|Any CPU
	EndGlobalSection
	GlobalSection(SolutionProperties) = preSolution
		HideSolutionNode = FALSE
	EndGlobalSection
	GlobalSection(ExtensibilityGlobals) = postSolution
		SolutionGuid = {3DC7A9AE-A65C-4D66-B20A-A909C9E48C93}
	EndGlobalSection
EndGlobal
